
Microsoft Visual Studio Solution File, Format Version 12.00
# Visual Studio Version 16
VisualStudioVersion = 16.0.29613.14
MinimumVisualStudioVersion = 10.0.40219.1
Project("{9A19103F-16F7-4668-BE54-9A1E7A4F7556}") = "Demo_WepAPI_Token", "Demo_WepAPI_Token\Demo_WepAPI_Token.csproj", "{C6899801-90CE-4AEA-A0BF-5D326BCC6702}"
EndProject
Project("{00D1A9C2-B5F0-4AF3-8072-F6C62B433612}") = "Demo_WepAPI_Token.Database", "Demo_WepAPI_Token.Database\Demo_WepAPI_Token.Database.sqlproj", "{FDE642F9-9331-4741-AD28-9BF1532EF0D9}"
EndProject
Project("{9A19103F-16F7-4668-BE54-9A1E7A4F7556}") = "Demo_WepAPI_Token.DAL", "Demo_WepAPI_Token.DAL\Demo_WepAPI_Token.DAL.csproj", "{1E5D5089-ECAB-4CA6-8B51-34F19B94B952}"
EndProject
Project("{9A19103F-16F7-4668-BE54-9A1E7A4F7556}") = "GenerateSignature", "GenerateSignature\GenerateSignature.csproj", "{F0D47874-3D12-4255-9253-BFAA44CA353B}"
EndProject
Project("{FAE04EC0-301F-11D3-BF4B-00C04F79EFBC}") = "Consommation", "Consommation\Consommation.csproj", "{39893AEF-DF8E-4C70-9974-CB79771FBF7D}"
EndProject
Global
	GlobalSection(SolutionConfigurationPlatforms) = preSolution
		Debug|Any CPU = Debug|Any CPU
		Release|Any CPU = Release|Any CPU
	EndGlobalSection
	GlobalSection(ProjectConfigurationPlatforms) = postSolution
		{C6899801-90CE-4AEA-A0BF-5D326BCC6702}.Debug|Any CPU.ActiveCfg = Debug|Any CPU
		{C6899801-90CE-4AEA-A0BF-5D326BCC6702}.Debug|Any CPU.Build.0 = Debug|Any CPU
		{C6899801-90CE-4AEA-A0BF-5D326BCC6702}.Release|Any CPU.ActiveCfg = Release|Any CPU
		{C6899801-90CE-4AEA-A0BF-5D326BCC6702}.Release|Any CPU.Build.0 = Release|Any CPU
		{FDE642F9-9331-4741-AD28-9BF1532EF0D9}.Debug|Any CPU.ActiveCfg = Debug|Any CPU
		{FDE642F9-9331-4741-AD28-9BF1532EF0D9}.Debug|Any CPU.Build.0 = Debug|Any CPU
		{FDE642F9-9331-4741-AD28-9BF1532EF0D9}.Debug|Any CPU.Deploy.0 = Debug|Any CPU
		{FDE642F9-9331-4741-AD28-9BF1532EF0D9}.Release|Any CPU.ActiveCfg = Release|Any CPU
		{FDE642F9-9331-4741-AD28-9BF1532EF0D9}.Release|Any CPU.Build.0 = Release|Any CPU
		{FDE642F9-9331-4741-AD28-9BF1532EF0D9}.Release|Any CPU.Deploy.0 = Release|Any CPU
		{1E5D5089-ECAB-4CA6-8B51-34F19B94B952}.Debug|Any CPU.ActiveCfg = Debug|Any CPU
		{1E5D5089-ECAB-4CA6-8B51-34F19B94B952}.Debug|Any CPU.Build.0 = Debug|Any CPU
		{1E5D5089-ECAB-4CA6-8B51-34F19B94B952}.Release|Any CPU.ActiveCfg = Release|Any CPU
		{1E5D5089-ECAB-4CA6-8B51-34F19B94B952}.Release|Any CPU.Build.0 = Release|Any CPU
		{F0D47874-3D12-4255-9253-BFAA44CA353B}.Debug|Any CPU.ActiveCfg = Debug|Any CPU
		{F0D47874-3D12-4255-9253-BFAA44CA353B}.Debug|Any CPU.Build.0 = Debug|Any CPU
		{F0D47874-3D12-4255-9253-BFAA44CA353B}.Release|Any CPU.ActiveCfg = Release|Any CPU
		{F0D47874-3D12-4255-9253-BFAA44CA353B}.Release|Any CPU.Build.0 = Release|Any CPU
		{39893AEF-DF8E-4C70-9974-CB79771FBF7D}.Debug|Any CPU.ActiveCfg = Debug|Any CPU
		{39893AEF-DF8E-4C70-9974-CB79771FBF7D}.Debug|Any CPU.Build.0 = Debug|Any CPU
		{39893AEF-DF8E-4C70-9974-CB79771FBF7D}.Release|Any CPU.ActiveCfg = Release|Any CPU
		{39893AEF-DF8E-4C70-9974-CB79771FBF7D}.Release|Any CPU.Build.0 = Release|Any CPU
	EndGlobalSection
	GlobalSection(SolutionProperties) = preSolution
		HideSolutionNode = FALSE
	EndGlobalSection
	GlobalSection(ExtensibilityGlobals) = postSolution
		SolutionGuid = {EEB17BE2-307A-44A6-AB6E-0CEF2282A998}
	EndGlobalSection
EndGlobal
